# generated by rye
# use `rye lock` or `rye sync` to update this lockfile
#
# last locked with the following flags:
#   pre: false
#   features: []
#   all-features: false
#   with-sources: false
#   generate-hashes: false
#   universal: false

-e file:.
attrs==24.3.0
    # via img-db
beautifulsoup4==4.12.3
    # via img-db
blurhash-python==1.2.2
    # via img-db
cffi==1.17.1
    # via blurhash-python
jinja2==3.1.5
    # via img-db
lxml==5.3.0
    # via img-db
markupsafe==3.0.2
    # via jinja2
numpy==2.2.1
    # via img-db
    # via scipy
pillow==11.1.0
    # via blurhash-python
    # via img-db
pycparser==2.22
    # via cffi
scipy==1.15.0
    # via img-db
six==1.17.0
    # via blurhash-python
soupsieve==2.6
    # via beautifulsoup4
tqdm==4.67.1
    # via img-db
