# generated by rye
# use `rye lock` or `rye sync` to update this lockfile
#
# last locked with the following flags:
#   pre: false
#   features: []
#   all-features: false
#   with-sources: false
#   generate-hashes: false
#   universal: false

-e file:.
attrs==24.3.0
    # via img-db
beautifulsoup4==4.12.3
    # via img-db
lxml==5.3.0
    # via img-db
numpy==2.2.1
    # via img-db
pillow==11.1.0
    # via img-db
soupsieve==2.6
    # via beautifulsoup4
